
Microsoft Visual Studio Solution File, Format Version 12.00
# Visual Studio Version 17
VisualStudioVersion = 17.1.32210.238
MinimumVisualStudioVersion = 10.0.40219.1
Project("{FAE04EC0-301F-11D3-BF4B-00C04F79EFBC}") = "PBL3_ Circle-Kang", "PBL3_ Circle-Kang\PBL3_ Circle-Kang.csproj", "{CCD8D927-598B-459F-8A83-06DBBFC3A34A}"
EndProject
Global
	GlobalSection(SolutionConfigurationPlatforms) = preSolution
		Debug|Any CPU = Debug|Any CPU
		Release|Any CPU = Release|Any CPU
	EndGlobalSection
	GlobalSection(ProjectConfigurationPlatforms) = postSolution
		{CCD8D927-598B-459F-8A83-06DBBFC3A34A}.Debug|Any CPU.ActiveCfg = Debug|Any CPU
		{CCD8D927-598B-459F-8A83-06DBBFC3A34A}.Debug|Any CPU.Build.0 = Debug|Any CPU
		{CCD8D927-598B-459F-8A83-06DBBFC3A34A}.Release|Any CPU.ActiveCfg = Release|Any CPU
		{CCD8D927-598B-459F-8A83-06DBBFC3A34A}.Release|Any CPU.Build.0 = Release|Any CPU
	EndGlobalSection
	GlobalSection(SolutionProperties) = preSolution
		HideSolutionNode = FALSE
	EndGlobalSection
	GlobalSection(ExtensibilityGlobals) = postSolution
		SolutionGuid = {996A27E0-120A-40CB-A370-7F107D3C9408}
	EndGlobalSection
EndGlobal
